
Microsoft Visual Studio Solution File, Format Version 12.00
# Visual Studio Version 16
VisualStudioVersion = 16.0.30804.86
MinimumVisualStudioVersion = 10.0.40219.1
Project("{E24C65DC-7377-472B-9ABA-BC803B73C61A}") = "ITD3333_Week3", "ITD3333_Week3\", "{5FF3F4AD-8B36-4B17-9F41-036E57894F71}"
	ProjectSection(WebsiteProperties) = preProject
		TargetFrameworkMoniker = ".NETFramework,Version%3Dv4.5"
		Debug.AspNetCompiler.VirtualPath = "/localhost_50505"
		Debug.AspNetCompiler.PhysicalPath = "ITD3333_Week3\"
		Debug.AspNetCompiler.TargetPath = "PrecompiledWeb\localhost_50505\"
		Debug.AspNetCompiler.Updateable = "true"
		Debug.AspNetCompiler.ForceOverwrite = "true"
		Debug.AspNetCompiler.FixedNames = "false"
		Debug.AspNetCompiler.Debug = "True"
		Release.AspNetCompiler.VirtualPath = "/localhost_50505"
		Release.AspNetCompiler.PhysicalPath = "ITD3333_Week3\"
		Release.AspNetCompiler.TargetPath = "PrecompiledWeb\localhost_50505\"
		Release.AspNetCompiler.Updateable = "true"
		Release.AspNetCompiler.ForceOverwrite = "true"
		Release.AspNetCompiler.FixedNames = "false"
		Release.AspNetCompiler.Debug = "False"
		VWDPort = "50505"
		SlnRelativePath = "ITD3333_Week3\"
		DefaultWebSiteLanguage = "Visual C#"
	EndProjectSection
EndProject
Global
	GlobalSection(SolutionConfigurationPlatforms) = preSolution
		Debug|Any CPU = Debug|Any CPU
	EndGlobalSection
	GlobalSection(ProjectConfigurationPlatforms) = postSolution
		{5FF3F4AD-8B36-4B17-9F41-036E57894F71}.Debug|Any CPU.ActiveCfg = Debug|Any CPU
		{5FF3F4AD-8B36-4B17-9F41-036E57894F71}.Debug|Any CPU.Build.0 = Debug|Any CPU
	EndGlobalSection
	GlobalSection(SolutionProperties) = preSolution
		HideSolutionNode = FALSE
	EndGlobalSection
	GlobalSection(ExtensibilityGlobals) = postSolution
		SolutionGuid = {B802502A-E3F5-4686-A187-E1BA680E3397}
	EndGlobalSection
EndGlobal
